{
  "requires": true,
  "lockfileVersion": 1,
  "dependencies": {
    "deepcopy": {
      "version": "2.0.0",
      "resolved": "https://registry.npmjs.org/deepcopy/-/deepcopy-2.0.0.tgz",
      "integrity": "sha512-d5ZK7pJw7F3k6M5vqDjGiiUS9xliIyWkdzBjnPhnSeRGjkYOGZMCFkdKVwV/WiHOe0NwzB8q+iDo7afvSf0arA==",
      "requires": {
        "type-detect": "^4.0.8"
      }
    },
    "http": {
      "version": "0.0.0",
      "resolved": "https://registry.npmjs.org/http/-/http-0.0.0.tgz",
      "integrity": "sha1-huYybSnF0Dnen6xYSkVon5KfT3I="
    },
    "readline-sync": {
      "version": "1.4.10",
      "resolved": "https://registry.npmjs.org/readline-sync/-/readline-sync-1.4.10.tgz",
      "integrity": "sha512-gNva8/6UAe8QYepIQH/jQ2qn91Qj0B9sYjMBBs3QOB8F2CXcKgLxQaJRP76sWVRQt+QU+8fAkCbCvjjMFu7Ycw=="
    },
    "remove-function": {
      "version": "1.0.3",
      "resolved": "https://registry.npmjs.org/remove-function/-/remove-function-1.0.3.tgz",
      "integrity": "sha512-SDm3qk+T+O1evWoAUj/xIR/1ZErfIfoCE1baxgz/gMNJ0MHErPwlkX5rDp9sqBjOvwIV1Cj18AP5C0VeD7gMUw=="
    },
    "to-array": {
      "version": "0.1.4",
      "resolved": "https://registry.npmjs.org/to-array/-/to-array-0.1.4.tgz",
      "integrity": "sha1-F+bBH3PdTz10zaek/zI46a2b+JA="
    },
    "type-detect": {
      "version": "4.0.8",
      "resolved": "https://registry.npmjs.org/type-detect/-/type-detect-4.0.8.tgz",
      "integrity": "sha512-0fr/mIH1dlO+x7TlcMy+bIDqKPsw/70tVyeHW787goQjhmqaZe10uwLujubK9q9Lg6Fiho1KUKDYz0Z7k7g5/g=="
    }
  }
}
